
Microsoft Visual Studio Solution File, Format Version 12.00
# Visual Studio Version 17
VisualStudioVersion = 17.3.32825.248
MinimumVisualStudioVersion = 10.0.40219.1
Project("{FAE04EC0-301F-11D3-BF4B-00C04F79EFBC}") = "PowerShellAPI", "PowerShellAPI.csproj", "{42C34DFB-A7DB-4407-9146-83C0C6CC91FE}"
EndProject
Global
	GlobalSection(SolutionConfigurationPlatforms) = preSolution
		Debug|Any CPU = Debug|Any CPU
		Release|Any CPU = Release|Any CPU
	EndGlobalSection
	GlobalSection(ProjectConfigurationPlatforms) = postSolution
		{42C34DFB-A7DB-4407-9146-83C0C6CC91FE}.Debug|Any CPU.ActiveCfg = Debug|Any CPU
		{42C34DFB-A7DB-4407-9146-83C0C6CC91FE}.Debug|Any CPU.Build.0 = Debug|Any CPU
		{42C34DFB-A7DB-4407-9146-83C0C6CC91FE}.Release|Any CPU.ActiveCfg = Release|Any CPU
		{42C34DFB-A7DB-4407-9146-83C0C6CC91FE}.Release|Any CPU.Build.0 = Release|Any CPU
	EndGlobalSection
	GlobalSection(SolutionProperties) = preSolution
		HideSolutionNode = FALSE
	EndGlobalSection
	GlobalSection(ExtensibilityGlobals) = postSolution
		SolutionGuid = {C7A15746-7C64-4EDA-96ED-C20D1EB61601}
	EndGlobalSection
EndGlobal
